// !$*UTF8*$!
{
	archiveVersion = 1;
	classes = {
	};
	objectVersion = 46;
	objects = {

/* Begin PBXBuildFile section */
		9706AB8E19CB0D47006BC4E5 /* CardMatchingGame.swift in Sources */ = {isa = PBXBuildFile; fileRef = 9706AB8D19CB0D47006BC4E5 /* CardMatchingGame.swift */; };
		976ECF7919C87FBD00761037 /* CardGameViewController.swift in Sources */ = {isa = PBXBuildFile; fileRef = 976ECF7819C87FBD00761037 /* CardGameViewController.swift */; };
		97ABB8DA19D6FB9B00E2B2CF /* SetCard.swift in Sources */ = {isa = PBXBuildFile; fileRef = 97ABB8D919D6FB9B00E2B2CF /* SetCard.swift */; };
		97ABB8DC19D6FD5800E2B2CF /* PlayingSetCard.swift in Sources */ = {isa = PBXBuildFile; fileRef = 97ABB8DB19D6FD5800E2B2CF /* PlayingSetCard.swift */; };
		97ABB8DE19D7003E00E2B2CF /* SetDeck.swift in Sources */ = {isa = PBXBuildFile; fileRef = 97ABB8DD19D7003E00E2B2CF /* SetDeck.swift */; };
		97ABB8E019D701F000E2B2CF /* PlayingSetCardDeck.swift in Sources */ = {isa = PBXBuildFile; fileRef = 97ABB8DF19D701F000E2B2CF /* PlayingSetCardDeck.swift */; };
		97ABB8E219D708F600E2B2CF /* SetCardMatchingGame.swift in Sources */ = {isa = PBXBuildFile; fileRef = 97ABB8E119D708F600E2B2CF /* SetCardMatchingGame.swift */; };
		97D4F37619C71C41001B4D21 /* AppDelegate.swift in Sources */ = {isa = PBXBuildFile; fileRef = 97D4F37519C71C41001B4D21 /* AppDelegate.swift */; };
		97D4F37B19C71C41001B4D21 /* Main.storyboard in Resources */ = {isa = PBXBuildFile; fileRef = 97D4F37919C71C41001B4D21 /* Main.storyboard */; };
		97D4F37D19C71C41001B4D21 /* Images.xcassets in Resources */ = {isa = PBXBuildFile; fileRef = 97D4F37C19C71C41001B4D21 /* Images.xcassets */; };
		97D4F38019C71C41001B4D21 /* LaunchScreen.xib in Resources */ = {isa = PBXBuildFile; fileRef = 97D4F37E19C71C41001B4D21 /* LaunchScreen.xib */; };
		97D4F38C19C71C41001B4D21 /* assignment1Tests.swift in Sources */ = {isa = PBXBuildFile; fileRef = 97D4F38B19C71C41001B4D21 /* assignment1Tests.swift */; };
		97D4F39919C71D5E001B4D21 /* Deck.swift in Sources */ = {isa = PBXBuildFile; fileRef = 97D4F39819C71D5E001B4D21 /* Deck.swift */; };
		97D4F39B19C71E31001B4D21 /* Card.swift in Sources */ = {isa = PBXBuildFile; fileRef = 97D4F39A19C71E31001B4D21 /* Card.swift */; };
		97D4F39D19C72764001B4D21 /* PlayingCard.swift in Sources */ = {isa = PBXBuildFile; fileRef = 97D4F39C19C72764001B4D21 /* PlayingCard.swift */; };
		97D4F39F19C73D05001B4D21 /* PlayingCardDeck.swift in Sources */ = {isa = PBXBuildFile; fileRef = 97D4F39E19C73D05001B4D21 /* PlayingCardDeck.swift */; };
/* End PBXBuildFile section */

/* Begin PBXContainerItemProxy section */
		97D4F38619C71C41001B4D21 /* PBXContainerItemProxy */ = {
			isa = PBXContainerItemProxy;
			containerPortal = 97D4F36819C71C40001B4D21 /* Project object */;
			proxyType = 1;
			remoteGlobalIDString = 97D4F36F19C71C41001B4D21;
			remoteInfo = assignment1;
		};
/* End PBXContainerItemProxy section */

/* Begin PBXFileReference section */
		9706AB8D19CB0D47006BC4E5 /* CardMatchingGame.swift */ = {isa = PBXFileReference; fileEncoding = 4; lastKnownFileType = sourcecode.swift; path = CardMatchingGame.swift; sourceTree = "<group>"; };
		976ECF7819C87FBD00761037 /* CardGameViewController.swift */ = {isa = PBXFileReference; fileEncoding = 4; lastKnownFileType = sourcecode.swift; path = CardGameViewController.swift; sourceTree = "<group>"; };
		97ABB8D919D6FB9B00E2B2CF /* SetCard.swift */ = {isa = PBXFileReference; fileEncoding = 4; lastKnownFileType = sourcecode.swift; path = SetCard.swift; sourceTree = "<group>"; };
		97ABB8DB19D6FD5800E2B2CF /* PlayingSetCard.swift */ = {isa = PBXFileReference; fileEncoding = 4; lastKnownFileType = sourcecode.swift; path = PlayingSetCard.swift; sourceTree = "<group>"; };
		97ABB8DD19D7003E00E2B2CF /* SetDeck.swift */ = {isa = PBXFileReference; fileEncoding = 4; lastKnownFileType = sourcecode.swift; path = SetDeck.swift; sourceTree = "<group>"; };
		97ABB8DF19D701F000E2B2CF /* PlayingSetCardDeck.swift */ = {isa = PBXFileReference; fileEncoding = 4; lastKnownFileType = sourcecode.swift; path = PlayingSetCardDeck.swift; sourceTree = "<group>"; };
		97ABB8E119D708F600E2B2CF /* SetCardMatchingGame.swift */ = {isa = PBXFileReference; fileEncoding = 4; lastKnownFileType = sourcecode.swift; path = SetCardMatchingGame.swift; sourceTree = "<group>"; };
		97D4F37019C71C41001B4D21 /* assignment1.app */ = {isa = PBXFileReference; explicitFileType = wrapper.application; includeInIndex = 0; path = assignment1.app; sourceTree = BUILT_PRODUCTS_DIR; };
		97D4F37419C71C41001B4D21 /* Info.plist */ = {isa = PBXFileReference; lastKnownFileType = text.plist.xml; path = Info.plist; sourceTree = "<group>"; };
		97D4F37519C71C41001B4D21 /* AppDelegate.swift */ = {isa = PBXFileReference; lastKnownFileType = sourcecode.swift; path = AppDelegate.swift; sourceTree = "<group>"; };
		97D4F37A19C71C41001B4D21 /* Base */ = {isa = PBXFileReference; lastKnownFileType = file.storyboard; name = Base; path = Base.lproj/Main.storyboard; sourceTree = "<group>"; };
		97D4F37C19C71C41001B4D21 /* Images.xcassets */ = {isa = PBXFileReference; lastKnownFileType = folder.assetcatalog; path = Images.xcassets; sourceTree = "<group>"; };
		97D4F37F19C71C41001B4D21 /* Base */ = {isa = PBXFileReference; lastKnownFileType = file.xib; name = Base; path = Base.lproj/LaunchScreen.xib; sourceTree = "<group>"; };
		97D4F38519C71C41001B4D21 /* assignment1Tests.xctest */ = {isa = PBXFileReference; explicitFileType = wrapper.cfbundle; includeInIndex = 0; path = assignment1Tests.xctest; sourceTree = BUILT_PRODUCTS_DIR; };
		97D4F38A19C71C41001B4D21 /* Info.plist */ = {isa = PBXFileReference; lastKnownFileType = text.plist.xml; path = Info.plist; sourceTree = "<group>"; };
		97D4F38B19C71C41001B4D21 /* assignment1Tests.swift */ = {isa = PBXFileReference; lastKnownFileType = sourcecode.swift; path = assignment1Tests.swift; sourceTree = "<group>"; };
		97D4F39819C71D5E001B4D21 /* Deck.swift */ = {isa = PBXFileReference; fileEncoding = 4; lastKnownFileType = sourcecode.swift; path = Deck.swift; sourceTree = "<group>"; };
		97D4F39A19C71E31001B4D21 /* Card.swift */ = {isa = PBXFileReference; fileEncoding = 4; lastKnownFileType = sourcecode.swift; path = Card.swift; sourceTree = "<group>"; };
		97D4F39C19C72764001B4D21 /* PlayingCard.swift */ = {isa = PBXFileReference; fileEncoding = 4; lastKnownFileType = sourcecode.swift; path = PlayingCard.swift; sourceTree = "<group>"; };
		97D4F39E19C73D05001B4D21 /* PlayingCardDeck.swift */ = {isa = PBXFileReference; fileEncoding = 4; lastKnownFileType = sourcecode.swift; path = PlayingCardDeck.swift; sourceTree = "<group>"; };
/* End PBXFileReference section */

/* Begin PBXFrameworksBuildPhase section */
		97D4F36D19C71C41001B4D21 /* Frameworks */ = {
			isa = PBXFrameworksBuildPhase;
			buildActionMask = 2147483647;
			files = (
			);
			runOnlyForDeploymentPostprocessing = 0;
		};
		97D4F38219C71C41001B4D21 /* Frameworks */ = {
			isa = PBXFrameworksBuildPhase;
			buildActionMask = 2147483647;
			files = (
			);
			runOnlyForDeploymentPostprocessing = 0;
		};
/* End PBXFrameworksBuildPhase section */

/* Begin PBXGroup section */
		97ABB8D819D6F61100E2B2CF /* modelSet */ = {
			isa = PBXGroup;
			children = (
				97ABB8D919D6FB9B00E2B2CF /* SetCard.swift */,
				97ABB8DB19D6FD5800E2B2CF /* PlayingSetCard.swift */,
				97ABB8DD19D7003E00E2B2CF /* SetDeck.swift */,
				97ABB8DF19D701F000E2B2CF /* PlayingSetCardDeck.swift */,
				97ABB8E119D708F600E2B2CF /* SetCardMatchingGame.swift */,
			);
			name = modelSet;
			sourceTree = "<group>";
		};
		97D4F36719C71C40001B4D21 = {
			isa = PBXGroup;
			children = (
				97D4F37219C71C41001B4D21 /* assignment1 */,
				97D4F38819C71C41001B4D21 /* assignment1Tests */,
				97D4F37119C71C41001B4D21 /* Products */,
			);
			sourceTree = "<group>";
		};
		97D4F37119C71C41001B4D21 /* Products */ = {
			isa = PBXGroup;
			children = (
				97D4F37019C71C41001B4D21 /* assignment1.app */,
				97D4F38519C71C41001B4D21 /* assignment1Tests.xctest */,
			);
			name = Products;
			sourceTree = "<group>";
		};
		97D4F37219C71C41001B4D21 /* assignment1 */ = {
			isa = PBXGroup;
			children = (
				97ABB8D819D6F61100E2B2CF /* modelSet */,
				97D4F39719C71D49001B4D21 /* model */,
				97D4F37919C71C41001B4D21 /* Main.storyboard */,
				976ECF7819C87FBD00761037 /* CardGameViewController.swift */,
				97D4F37C19C71C41001B4D21 /* Images.xcassets */,
				97D4F37E19C71C41001B4D21 /* LaunchScreen.xib */,
				97D4F37319C71C41001B4D21 /* Supporting Files */,
			);
			path = assignment1;
			sourceTree = "<group>";
		};
		97D4F37319C71C41001B4D21 /* Supporting Files */ = {
			isa = PBXGroup;
			children = (
				97D4F37519C71C41001B4D21 /* AppDelegate.swift */,
				97D4F37419C71C41001B4D21 /* Info.plist */,
			);
			name = "Supporting Files";
			sourceTree = "<group>";
		};
		97D4F38819C71C41001B4D21 /* assignment1Tests */ = {
			isa = PBXGroup;
			children = (
				97D4F38B19C71C41001B4D21 /* assignment1Tests.swift */,
				97D4F38919C71C41001B4D21 /* Supporting Files */,
			);
			path = assignment1Tests;
			sourceTree = "<group>";
		};
		97D4F38919C71C41001B4D21 /* Supporting Files */ = {
			isa = PBXGroup;
			children = (
				97D4F38A19C71C41001B4D21 /* Info.plist */,
			);
			name = "Supporting Files";
			sourceTree = "<group>";
		};
		97D4F39719C71D49001B4D21 /* model */ = {
			isa = PBXGroup;
			children = (
				97D4F39819C71D5E001B4D21 /* Deck.swift */,
				97D4F39A19C71E31001B4D21 /* Card.swift */,
				97D4F39C19C72764001B4D21 /* PlayingCard.swift */,
				97D4F39E19C73D05001B4D21 /* PlayingCardDeck.swift */,
				9706AB8D19CB0D47006BC4E5 /* CardMatchingGame.swift */,
			);
			name = model;
			sourceTree = "<group>";
		};
/* End PBXGroup section */

/* Begin PBXNativeTarget section */
		97D4F36F19C71C41001B4D21 /* assignment1 */ = {
			isa = PBXNativeTarget;
			buildConfigurationList = 97D4F38F19C71C41001B4D21 /* Build configuration list for PBXNativeTarget "assignment1" */;
			buildPhases = (
				97D4F36C19C71C41001B4D21 /* Sources */,
				97D4F36D19C71C41001B4D21 /* Frameworks */,
				97D4F36E19C71C41001B4D21 /* Resources */,
			);
			buildRules = (
			);
			dependencies = (
			);
			name = assignment1;
			productName = assignment1;
			productReference = 97D4F37019C71C41001B4D21 /* assignment1.app */;
			productType = "com.apple.product-type.application";
		};
		97D4F38419C71C41001B4D21 /* assignment1Tests */ = {
			isa = PBXNativeTarget;
			buildConfigurationList = 97D4F39219C71C41001B4D21 /* Build configuration list for PBXNativeTarget "assignment1Tests" */;
			buildPhases = (
				97D4F38119C71C41001B4D21 /* Sources */,
				97D4F38219C71C41001B4D21 /* Frameworks */,
				97D4F38319C71C41001B4D21 /* Resources */,
			);
			buildRules = (
			);
			dependencies = (
				97D4F38719C71C41001B4D21 /* PBXTargetDependency */,
			);
			name = assignment1Tests;
			productName = assignment1Tests;
			productReference = 97D4F38519C71C41001B4D21 /* assignment1Tests.xctest */;
			productType = "com.apple.product-type.bundle.unit-test";
		};
/* End PBXNativeTarget section */

/* Begin PBXProject section */
		97D4F36819C71C40001B4D21 /* Project object */ = {
			isa = PBXProject;
			attributes = {
				LastUpgradeCheck = 0600;
				ORGANIZATIONNAME = sora;
				TargetAttributes = {
					97D4F36F19C71C41001B4D21 = {
						CreatedOnToolsVersion = 6.0;
					};
					97D4F38419C71C41001B4D21 = {
						CreatedOnToolsVersion = 6.0;
						TestTargetID = 97D4F36F19C71C41001B4D21;
					};
				};
			};
			buildConfigurationList = 97D4F36B19C71C40001B4D21 /* Build configuration list for PBXProject "assignment1" */;
			compatibilityVersion = "Xcode 3.2";
			developmentRegion = English;
			hasScannedForEncodings = 0;
			knownRegions = (
				en,
				Base,
			);
			mainGroup = 97D4F36719C71C40001B4D21;
			productRefGroup = 97D4F37119C71C41001B4D21 /* Products */;
			projectDirPath = "";
			projectRoot = "";
			targets = (
				97D4F36F19C71C41001B4D21 /* assignment1 */,
				97D4F38419C71C41001B4D21 /* assignment1Tests */,
			);
		};
/* End PBXProject section */

/* Begin PBXResourcesBuildPhase section */
		97D4F36E19C71C41001B4D21 /* Resources */ = {
			isa = PBXResourcesBuildPhase;
			buildActionMask = 2147483647;
			files = (
				97D4F37B19C71C41001B4D21 /* Main.storyboard in Resources */,
				97D4F38019C71C41001B4D21 /* LaunchScreen.xib in Resources */,
				97D4F37D19C71C41001B4D21 /* Images.xcassets in Resources */,
			);
			runOnlyForDeploymentPostprocessing = 0;
		};
		97D4F38319C71C41001B4D21 /* Resources */ = {
			isa = PBXResourcesBuildPhase;
			buildActionMask = 2147483647;
			files = (
			);
			runOnlyForDeploymentPostprocessing = 0;
		};
/* End PBXResourcesBuildPhase section */

/* Begin PBXSourcesBuildPhase section */
		97D4F36C19C71C41001B4D21 /* Sources */ = {
			isa = PBXSourcesBuildPhase;
			buildActionMask = 2147483647;
			files = (
				97D4F39D19C72764001B4D21 /* PlayingCard.swift in Sources */,
				97ABB8DC19D6FD5800E2B2CF /* PlayingSetCard.swift in Sources */,
				97D4F39919C71D5E001B4D21 /* Deck.swift in Sources */,
				9706AB8E19CB0D47006BC4E5 /* CardMatchingGame.swift in Sources */,
				97ABB8E019D701F000E2B2CF /* PlayingSetCardDeck.swift in Sources */,
				97D4F39F19C73D05001B4D21 /* PlayingCardDeck.swift in Sources */,
				97D4F37619C71C41001B4D21 /* AppDelegate.swift in Sources */,
				976ECF7919C87FBD00761037 /* CardGameViewController.swift in Sources */,
				97ABB8DA19D6FB9B00E2B2CF /* SetCard.swift in Sources */,
				97D4F39B19C71E31001B4D21 /* Card.swift in Sources */,
				97ABB8DE19D7003E00E2B2CF /* SetDeck.swift in Sources */,
				97ABB8E219D708F600E2B2CF /* SetCardMatchingGame.swift in Sources */,
			);
			runOnlyForDeploymentPostprocessing = 0;
		};
		97D4F38119C71C41001B4D21 /* Sources */ = {
			isa = PBXSourcesBuildPhase;
			buildActionMask = 2147483647;
			files = (
				97D4F38C19C71C41001B4D21 /* assignment1Tests.swift in Sources */,
			);
			runOnlyForDeploymentPostprocessing = 0;
		};
/* End PBXSourcesBuildPhase section */

/* Begin PBXTargetDependency section */
		97D4F38719C71C41001B4D21 /* PBXTargetDependency */ = {
			isa = PBXTargetDependency;
			target = 97D4F36F19C71C41001B4D21 /* assignment1 */;
			targetProxy = 97D4F38619C71C41001B4D21 /* PBXContainerItemProxy */;
		};
/* End PBXTargetDependency section */

/* Begin PBXVariantGroup section */
		97D4F37919C71C41001B4D21 /* Main.storyboard */ = {
			isa = PBXVariantGroup;
			children = (
				97D4F37A19C71C41001B4D21 /* Base */,
			);
			name = Main.storyboard;
			sourceTree = "<group>";
		};
		97D4F37E19C71C41001B4D21 /* LaunchScreen.xib */ = {
			isa = PBXVariantGroup;
			children = (
				97D4F37F19C71C41001B4D21 /* Base */,
			);
			name = LaunchScreen.xib;
			sourceTree = "<group>";
		};
/* End PBXVariantGroup section */

/* Begin XCBuildConfiguration section */
		97D4F38D19C71C41001B4D21 /* Debug */ = {
			isa = XCBuildConfiguration;
			buildSettings = {
				ALWAYS_SEARCH_USER_PATHS = NO;
				CLANG_CXX_LANGUAGE_STANDARD = "gnu++0x";
				CLANG_CXX_LIBRARY = "libc++";
				CLANG_ENABLE_MODULES = YES;
				CLANG_ENABLE_OBJC_ARC = YES;
				CLANG_WARN_BOOL_CONVERSION = YES;
				CLANG_WARN_CONSTANT_CONVERSION = YES;
				CLANG_WARN_DIRECT_OBJC_ISA_USAGE = YES_ERROR;
				CLANG_WARN_EMPTY_BODY = YES;
				CLANG_WARN_ENUM_CONVERSION = YES;
				CLANG_WARN_INT_CONVERSION = YES;
				CLANG_WARN_OBJC_ROOT_CLASS = YES_ERROR;
				CLANG_WARN_UNREACHABLE_CODE = YES;
				CLANG_WARN__DUPLICATE_METHOD_MATCH = YES;
				"CODE_SIGN_IDENTITY[sdk=iphoneos*]" = "iPhone Developer";
				COPY_PHASE_STRIP = NO;
				ENABLE_STRICT_OBJC_MSGSEND = YES;
				GCC_C_LANGUAGE_STANDARD = gnu99;
				GCC_DYNAMIC_NO_PIC = NO;
				GCC_OPTIMIZATION_LEVEL = 0;
				GCC_PREPROCESSOR_DEFINITIONS = (
					"DEBUG=1",
					"$(inherited)",
				);
				GCC_SYMBOLS_PRIVATE_EXTERN = NO;
				GCC_WARN_64_TO_32_BIT_CONVERSION = YES;
				GCC_WARN_ABOUT_RETURN_TYPE = YES_ERROR;
				GCC_WARN_UNDECLARED_SELECTOR = YES;
				GCC_WARN_UNINITIALIZED_AUTOS = YES_AGGRESSIVE;
				GCC_WARN_UNUSED_FUNCTION = YES;
				GCC_WARN_UNUSED_VARIABLE = YES;
				IPHONEOS_DEPLOYMENT_TARGET = 8.0;
				MTL_ENABLE_DEBUG_INFO = YES;
				ONLY_ACTIVE_ARCH = YES;
				SDKROOT = iphoneos;
				SWIFT_OPTIMIZATION_LEVEL = "-Onone";
			};
			name = Debug;
		};
		97D4F38E19C71C41001B4D21 /* Release */ = {
			isa = XCBuildConfiguration;
			buildSettings = {
				ALWAYS_SEARCH_USER_PATHS = NO;
				CLANG_CXX_LANGUAGE_STANDARD = "gnu++0x";
				CLANG_CXX_LIBRARY = "libc++";
				CLANG_ENABLE_MODULES = YES;
				CLANG_ENABLE_OBJC_ARC = YES;
				CLANG_WARN_BOOL_CONVERSION = YES;
				CLANG_WARN_CONSTANT_CONVERSION = YES;
				CLANG_WARN_DIRECT_OBJC_ISA_USAGE = YES_ERROR;
				CLANG_WARN_EMPTY_BODY = YES;
				CLANG_WARN_ENUM_CONVERSION = YES;
				CLANG_WARN_INT_CONVERSION = YES;
				CLANG_WARN_OBJC_ROOT_CLASS = YES_ERROR;
				CLANG_WARN_UNREACHABLE_CODE = YES;
				CLANG_WARN__DUPLICATE_METHOD_MATCH = YES;
				"CODE_SIGN_IDENTITY[sdk=iphoneos*]" = "iPhone Developer";
				COPY_PHASE_STRIP = YES;
				ENABLE_NS_ASSERTIONS = NO;
				ENABLE_STRICT_OBJC_MSGSEND = YES;
				GCC_C_LANGUAGE_STANDARD = gnu99;
				GCC_WARN_64_TO_32_BIT_CONVERSION = YES;
				GCC_WARN_ABOUT_RETURN_TYPE = YES_ERROR;
				GCC_WARN_UNDECLARED_SELECTOR = YES;
				GCC_WARN_UNINITIALIZED_AUTOS = YES_AGGRESSIVE;
				GCC_WARN_UNUSED_FUNCTION = YES;
				GCC_WARN_UNUSED_VARIABLE = YES;
				IPHONEOS_DEPLOYMENT_TARGET = 8.0;
				MTL_ENABLE_DEBUG_INFO = NO;
				SDKROOT = iphoneos;
				VALIDATE_PRODUCT = YES;
			};
			name = Release;
		};
		97D4F39019C71C41001B4D21 /* Debug */ = {
			isa = XCBuildConfiguration;
			buildSettings = {
				ASSETCATALOG_COMPILER_APPICON_NAME = AppIcon;
				INFOPLIST_FILE = assignment1/Info.plist;
				LD_RUNPATH_SEARCH_PATHS = "$(inherited) @executable_path/Frameworks";
				PRODUCT_NAME = "$(TARGET_NAME)";
			};
			name = Debug;
		};
		97D4F39119C71C41001B4D21 /* Release */ = {
			isa = XCBuildConfiguration;
			buildSettings = {
				ASSETCATALOG_COMPILER_APPICON_NAME = AppIcon;
				INFOPLIST_FILE = assignment1/Info.plist;
				LD_RUNPATH_SEARCH_PATHS = "$(inherited) @executable_path/Frameworks";
				PRODUCT_NAME = "$(TARGET_NAME)";
			};
			name = Release;
		};
		97D4F39319C71C41001B4D21 /* Debug */ = {
			isa = XCBuildConfiguration;
			buildSettings = {
				BUNDLE_LOADER = "$(TEST_HOST)";
				FRAMEWORK_SEARCH_PATHS = (
					"$(SDKROOT)/Developer/Library/Frameworks",
					"$(inherited)",
				);
				GCC_PREPROCESSOR_DEFINITIONS = (
					"DEBUG=1",
					"$(inherited)",
				);
				INFOPLIST_FILE = assignment1Tests/Info.plist;
				LD_RUNPATH_SEARCH_PATHS = "$(inherited) @executable_path/Frameworks @loader_path/Frameworks";
				PRODUCT_NAME = "$(TARGET_NAME)";
				TEST_HOST = "$(BUILT_PRODUCTS_DIR)/assignment1.app/assignment1";
			};
			name = Debug;
		};
		97D4F39419C71C41001B4D21 /* Release */ = {
			isa = XCBuildConfiguration;
			buildSettings = {
				BUNDLE_LOADER = "$(TEST_HOST)";
				FRAMEWORK_SEARCH_PATHS = (
					"$(SDKROOT)/Developer/Library/Frameworks",
					"$(inherited)",
				);
				INFOPLIST_FILE = assignment1Tests/Info.plist;
				LD_RUNPATH_SEARCH_PATHS = "$(inherited) @executable_path/Frameworks @loader_path/Frameworks";
				PRODUCT_NAME = "$(TARGET_NAME)";
				TEST_HOST = "$(BUILT_PRODUCTS_DIR)/assignment1.app/assignment1";
			};
			name = Release;
		};
/* End XCBuildConfiguration section */

/* Begin XCConfigurationList section */
		97D4F36B19C71C40001B4D21 /* Build configuration list for PBXProject "assignment1" */ = {
			isa = XCConfigurationList;
			buildConfigurations = (
				97D4F38D19C71C41001B4D21 /* Debug */,
				97D4F38E19C71C41001B4D21 /* Release */,
			);
			defaultConfigurationIsVisible = 0;
			defaultConfigurationName = Release;
		};
		97D4F38F19C71C41001B4D21 /* Build configuration list for PBXNativeTarget "assignment1" */ = {
			isa = XCConfigurationList;
			buildConfigurations = (
				97D4F39019C71C41001B4D21 /* Debug */,
				97D4F39119C71C41001B4D21 /* Release */,
			);
			defaultConfigurationIsVisible = 0;
			defaultConfigurationName = Release;
		};
		97D4F39219C71C41001B4D21 /* Build configuration list for PBXNativeTarget "assignment1Tests" */ = {
			isa = XCConfigurationList;
			buildConfigurations = (
				97D4F39319C71C41001B4D21 /* Debug */,
				97D4F39419C71C41001B4D21 /* Release */,
			);
			defaultConfigurationIsVisible = 0;
			defaultConfigurationName = Release;
		};
/* End XCConfigurationList section */
	};
	rootObject = 97D4F36819C71C40001B4D21 /* Project object */;
}
